
Microsoft Visual Studio Solution File, Format Version 12.00
# Visual Studio 15
VisualStudioVersion = 15.0.28010.2036
MinimumVisualStudioVersion = 10.0.40219.1
Project("{FAE04EC0-301F-11D3-BF4B-00C04F79EFBC}") = "bugTracker", "bugTracker\bugTracker.csproj", "{EAB946FB-A72B-49C6-AB08-9FD60608104C}"
EndProject
Global
	GlobalSection(SolutionConfigurationPlatforms) = preSolution
		Debug|Any CPU = Debug|Any CPU
		Release|Any CPU = Release|Any CPU
	EndGlobalSection
	GlobalSection(ProjectConfigurationPlatforms) = postSolution
		{EAB946FB-A72B-49C6-AB08-9FD60608104C}.Debug|Any CPU.ActiveCfg = Debug|Any CPU
		{EAB946FB-A72B-49C6-AB08-9FD60608104C}.Debug|Any CPU.Build.0 = Debug|Any CPU
		{EAB946FB-A72B-49C6-AB08-9FD60608104C}.Release|Any CPU.ActiveCfg = Release|Any CPU
		{EAB946FB-A72B-49C6-AB08-9FD60608104C}.Release|Any CPU.Build.0 = Release|Any CPU
	EndGlobalSection
	GlobalSection(SolutionProperties) = preSolution
		HideSolutionNode = FALSE
	EndGlobalSection
	GlobalSection(ExtensibilityGlobals) = postSolution
		SolutionGuid = {D30610F9-7B74-45E0-822F-B843EBEABD7D}
	EndGlobalSection
EndGlobal
